
Microsoft Visual Studio Solution File, Format Version 12.00
# Visual Studio Version 16
VisualStudioVersion = 16.0.32002.261
MinimumVisualStudioVersion = 10.0.40219.1
Project("{FAE04EC0-301F-11D3-BF4B-00C04F79EFBC}") = "Lab_8", "Lab_8\Lab_8.csproj", "{23BB2915-5B04-46A7-A5A4-007A955F76D8}"
EndProject
Global
	GlobalSection(SolutionConfigurationPlatforms) = preSolution
		Debug|Any CPU = Debug|Any CPU
		Release|Any CPU = Release|Any CPU
	EndGlobalSection
	GlobalSection(ProjectConfigurationPlatforms) = postSolution
		{23BB2915-5B04-46A7-A5A4-007A955F76D8}.Debug|Any CPU.ActiveCfg = Debug|Any CPU
		{23BB2915-5B04-46A7-A5A4-007A955F76D8}.Debug|Any CPU.Build.0 = Debug|Any CPU
		{23BB2915-5B04-46A7-A5A4-007A955F76D8}.Release|Any CPU.ActiveCfg = Release|Any CPU
		{23BB2915-5B04-46A7-A5A4-007A955F76D8}.Release|Any CPU.Build.0 = Release|Any CPU
	EndGlobalSection
	GlobalSection(SolutionProperties) = preSolution
		HideSolutionNode = FALSE
	EndGlobalSection
	GlobalSection(ExtensibilityGlobals) = postSolution
		SolutionGuid = {9F4AE38D-3941-49D9-8E11-9630115421EC}
	EndGlobalSection
EndGlobal
